{
  "name": "tokenizer",
  "version": "1.0.0",
  "lockfileVersion": 1,
  "requires": true,
  "dependencies": {
    "@types/natural": {
      "version": "0.6.3",
      "resolved": "https://registry.npmjs.org/@types/natural/-/natural-0.6.3.tgz",
      "integrity": "sha512-lObtptI4gTrBKclOl/2kaYQzncYYHQGYv0ONIk94OEifByXLnxiBlZs/5s/QbMJmTRiNt5RvnNjGXRJInbd4IA==",
      "requires": {
        "@types/node": "*"
      }
    },
    "@types/node": {
      "version": "14.14.31",
      "resolved": "https://registry.npmjs.org/@types/node/-/node-14.14.31.tgz",
      "integrity": "sha512-vFHy/ezP5qI0rFgJ7aQnjDXwAMrG0KqqIH7tQG5PPv3BWBayOPIQNBjVc/P6hhdZfMx51REc6tfDNXHUio893g=="
    },
    "afinn-165": {
      "version": "1.0.4",
      "resolved": "https://registry.npmjs.org/afinn-165/-/afinn-165-1.0.4.tgz",
      "integrity": "sha512-7+Wlx3BImrK0HiG6y3lU4xX7SpBPSSu8T9iguPMlaueRFxjbYwAQrp9lqZUuFikqKbd/en8lVREILvP2J80uJA=="
    },
    "apparatus": {
      "version": "0.0.10",
      "resolved": "https://registry.npmjs.org/apparatus/-/apparatus-0.0.10.tgz",
      "integrity": "sha512-KLy/ugo33KZA7nugtQ7O0E1c8kQ52N3IvD/XgIh4w/Nr28ypfkwDfA67F1ev4N1m5D+BOk1+b2dEJDfpj/VvZg==",
      "requires": {
        "sylvester": ">= 0.0.8"
      }
    },
    "cities-list": {
      "version": "1.0.3",
      "resolved": "https://registry.npmjs.org/cities-list/-/cities-list-1.0.3.tgz",
      "integrity": "sha1-yyF9GeofNV/IM9Fzp1KtmZLxJAw="
    },
    "en-inflectors": {
      "version": "1.0.12",
      "resolved": "https://registry.npmjs.org/en-inflectors/-/en-inflectors-1.0.12.tgz",
      "integrity": "sha1-/TNHdmCKAhy0ICFX8g1Sq5NK94o=",
      "requires": {
        "en-stemmer": "^1.0.2"
      }
    },
    "en-lexicon": {
      "version": "1.0.11",
      "resolved": "https://registry.npmjs.org/en-lexicon/-/en-lexicon-1.0.11.tgz",
      "integrity": "sha1-P02oqcypqQb1ELjs4RYxvj/REF8=",
      "requires": {
        "en-inflectors": "^1.0.7"
      }
    },
    "en-pos": {
      "version": "1.0.16",
      "resolved": "https://registry.npmjs.org/en-pos/-/en-pos-1.0.16.tgz",
      "integrity": "sha1-W27mfu1SqOESZ/PRX6dQEQESP7A=",
      "requires": {
        "cities-list": "^1.0.3",
        "en-inflectors": "^1.0.7",
        "en-lexicon": "^1.0.8",
        "humannames": "^1.0.5"
      }
    },
    "en-stemmer": {
      "version": "1.0.3",
      "resolved": "https://registry.npmjs.org/en-stemmer/-/en-stemmer-1.0.3.tgz",
      "integrity": "sha1-LSL7XbkAWojW/FgCazioMci8fBk="
    },
    "fs": {
      "version": "0.0.1-security",
      "resolved": "https://registry.npmjs.org/fs/-/fs-0.0.1-security.tgz",
      "integrity": "sha1-invTcYa23d84E/I4WLV+yq9eQdQ="
    },
    "humannames": {
      "version": "1.0.5",
      "resolved": "https://registry.npmjs.org/humannames/-/humannames-1.0.5.tgz",
      "integrity": "sha1-pNYNQWjfhzf0smLv0j8u4yl08cU="
    },
    "inherits": {
      "version": "2.0.3",
      "resolved": "https://registry.npmjs.org/inherits/-/inherits-2.0.3.tgz",
      "integrity": "sha1-Yzwsg+PaQqUC9SRmAiSA9CCCYd4="
    },
    "json-stable-stringify": {
      "version": "1.0.1",
      "resolved": "https://registry.npmjs.org/json-stable-stringify/-/json-stable-stringify-1.0.1.tgz",
      "integrity": "sha1-mnWdOcXy/1A/1TAGRu1EX4jE+a8=",
      "requires": {
        "jsonify": "~0.0.0"
      }
    },
    "jsonify": {
      "version": "0.0.0",
      "resolved": "https://registry.npmjs.org/jsonify/-/jsonify-0.0.0.tgz",
      "integrity": "sha1-LHS27kHZPKUbe1qu6PUDYx0lKnM="
    },
    "natural": {
      "version": "2.4.5",
      "resolved": "https://registry.npmjs.org/natural/-/natural-2.4.5.tgz",
      "integrity": "sha512-fxQou4ubo6Rzf7XL0jjwtC2vHm6Sdicu7ztcE0k1ODZs+d1UzcKF1Hu2IwE2y7OgzU3Sa9o8obw7rnyNrjsd1A==",
      "requires": {
        "afinn-165": "^1.0.2",
        "apparatus": "^0.0.10",
        "json-stable-stringify": "^1.0.1",
        "sylvester": "^0.0.12",
        "underscore": "^1.9.1",
        "wordnet-db": "^3.1.11"
      }
    },
    "path": {
      "version": "0.12.7",
      "resolved": "https://registry.npmjs.org/path/-/path-0.12.7.tgz",
      "integrity": "sha1-1NwqUGxM4hl+tIHr/NWzbAFAsQ8=",
      "requires": {
        "process": "^0.11.1",
        "util": "^0.10.3"
      }
    },
    "pos-chunker": {
      "version": "1.3.3",
      "resolved": "https://registry.npmjs.org/pos-chunker/-/pos-chunker-1.3.3.tgz",
      "integrity": "sha1-4Fyaj3GvrCdwzEt/X8YqA0nRAy4=",
      "requires": {
        "xregexp": "~2.0.0"
      }
    },
    "process": {
      "version": "0.11.10",
      "resolved": "https://registry.npmjs.org/process/-/process-0.11.10.tgz",
      "integrity": "sha1-czIwDoQBYb2j5podHZGn1LwW8YI="
    },
    "sylvester": {
      "version": "0.0.12",
      "resolved": "https://registry.npmjs.org/sylvester/-/sylvester-0.0.12.tgz",
      "integrity": "sha1-WohEFc0tACxX56OqyZRip1zp/bQ="
    },
    "underscore": {
      "version": "1.12.0",
      "resolved": "https://registry.npmjs.org/underscore/-/underscore-1.12.0.tgz",
      "integrity": "sha512-21rQzss/XPMjolTiIezSu3JAjgagXKROtNrYFEOWK109qY1Uv2tVjPTZ1ci2HgvQDA16gHYSthQIJfB+XId/rQ=="
    },
    "util": {
      "version": "0.10.4",
      "resolved": "https://registry.npmjs.org/util/-/util-0.10.4.tgz",
      "integrity": "sha512-0Pm9hTQ3se5ll1XihRic3FDIku70C+iHUdT/W926rSgHV5QgXsYbKZN8MSC3tJtSkhuROzvsQjAaFENRXr+19A==",
      "requires": {
        "inherits": "2.0.3"
      }
    },
    "wordnet-db": {
      "version": "3.1.14",
      "resolved": "https://registry.npmjs.org/wordnet-db/-/wordnet-db-3.1.14.tgz",
      "integrity": "sha512-zVyFsvE+mq9MCmwXUWHIcpfbrHHClZWZiVOzKSxNJruIcFn2RbY55zkhiAMMxM8zCVSmtNiViq8FsAZSFpMYag=="
    },
    "xregexp": {
      "version": "2.0.0",
      "resolved": "https://registry.npmjs.org/xregexp/-/xregexp-2.0.0.tgz",
      "integrity": "sha1-UqY+VsoLhKfzpfPWGHLxJq16WUM="
    }
  }
}
